
Microsoft Visual Studio Solution File, Format Version 12.00
# Visual Studio Version 17
VisualStudioVersion = 17.8.34309.116
MinimumVisualStudioVersion = 10.0.40219.1
Project("{9A19103F-16F7-4668-BE54-9A1E7A4F7556}") = "PublisherConsole", "PublisherConsole\PublisherConsole.csproj", "{4F5C1E41-EA90-45BF-ABF7-E3647E5B4EE3}"
EndProject
Project("{9A19103F-16F7-4668-BE54-9A1E7A4F7556}") = "PublisherDomain", "PublisherDomain\PublisherDomain.csproj", "{1086BA30-DD12-4365-99F3-BFE69E1A509E}"
EndProject
Project("{9A19103F-16F7-4668-BE54-9A1E7A4F7556}") = "PublisherData", "PublisherData\PublisherData.csproj", "{5B678241-FD6A-4AD9-95DC-56A2F1C52FAD}"
EndProject
Project("{FAE04EC0-301F-11D3-BF4B-00C04F79EFBC}") = "ReverseEngineeringBefore", "ReverseEngineeringBefore\ReverseEngineeringBefore.csproj", "{9928DD43-DC30-4868-BFBC-5A500297D895}"
EndProject
Global
	GlobalSection(SolutionConfigurationPlatforms) = preSolution
		Debug|Any CPU = Debug|Any CPU
		Release|Any CPU = Release|Any CPU
	EndGlobalSection
	GlobalSection(ProjectConfigurationPlatforms) = postSolution
		{4F5C1E41-EA90-45BF-ABF7-E3647E5B4EE3}.Debug|Any CPU.ActiveCfg = Debug|Any CPU
		{4F5C1E41-EA90-45BF-ABF7-E3647E5B4EE3}.Debug|Any CPU.Build.0 = Debug|Any CPU
		{4F5C1E41-EA90-45BF-ABF7-E3647E5B4EE3}.Release|Any CPU.ActiveCfg = Release|Any CPU
		{4F5C1E41-EA90-45BF-ABF7-E3647E5B4EE3}.Release|Any CPU.Build.0 = Release|Any CPU
		{1086BA30-DD12-4365-99F3-BFE69E1A509E}.Debug|Any CPU.ActiveCfg = Debug|Any CPU
		{1086BA30-DD12-4365-99F3-BFE69E1A509E}.Debug|Any CPU.Build.0 = Debug|Any CPU
		{1086BA30-DD12-4365-99F3-BFE69E1A509E}.Release|Any CPU.ActiveCfg = Release|Any CPU
		{1086BA30-DD12-4365-99F3-BFE69E1A509E}.Release|Any CPU.Build.0 = Release|Any CPU
		{5B678241-FD6A-4AD9-95DC-56A2F1C52FAD}.Debug|Any CPU.ActiveCfg = Debug|Any CPU
		{5B678241-FD6A-4AD9-95DC-56A2F1C52FAD}.Debug|Any CPU.Build.0 = Debug|Any CPU
		{5B678241-FD6A-4AD9-95DC-56A2F1C52FAD}.Release|Any CPU.ActiveCfg = Release|Any CPU
		{5B678241-FD6A-4AD9-95DC-56A2F1C52FAD}.Release|Any CPU.Build.0 = Release|Any CPU
		{9928DD43-DC30-4868-BFBC-5A500297D895}.Debug|Any CPU.ActiveCfg = Debug|Any CPU
		{9928DD43-DC30-4868-BFBC-5A500297D895}.Debug|Any CPU.Build.0 = Debug|Any CPU
		{9928DD43-DC30-4868-BFBC-5A500297D895}.Release|Any CPU.ActiveCfg = Release|Any CPU
		{9928DD43-DC30-4868-BFBC-5A500297D895}.Release|Any CPU.Build.0 = Release|Any CPU
	EndGlobalSection
	GlobalSection(SolutionProperties) = preSolution
		HideSolutionNode = FALSE
	EndGlobalSection
	GlobalSection(ExtensibilityGlobals) = postSolution
		SolutionGuid = {A40CA34D-68F1-45BB-B194-EFD7D9B0D433}
	EndGlobalSection
EndGlobal
